
Microsoft Visual Studio Solution File, Format Version 12.00
# Visual Studio Version 17
VisualStudioVersion = 17.10.34928.147
MinimumVisualStudioVersion = 10.0.40219.1
Project("{9A19103F-16F7-4668-BE54-9A1E7A4F7556}") = "EpinelPS", "EpinelPS\EpinelPS.csproj", "{5C24A07E-9B8D-4625-BF91-0E9CCBEF5CB0}"
EndProject
Project("{9A19103F-16F7-4668-BE54-9A1E7A4F7556}") = "ServerSelector", "ServerSelector\ServerSelector.csproj", "{EC613C24-8A35-42E8-92C1-9A8431F74F58}"
EndProject
Project("{9A19103F-16F7-4668-BE54-9A1E7A4F7556}") = "ServerSelector.Desktop", "ServerSelector.Desktop\ServerSelector.Desktop.csproj", "{01D0A73A-A881-439D-9318-54DB5B00D6F5}"
EndProject
Project("{2150E333-8FDC-42A3-9474-1A3956D46DE8}") = "Client", "Client", "{4BB2E77F-84A6-4644-9FB3-38E2A7DCDEC0}"
EndProject
Global
	GlobalSection(SolutionConfigurationPlatforms) = preSolution
		Debug|Any CPU = Debug|Any CPU
		Debug|x64 = Debug|x64
		Debug|x86 = Debug|x86
		DebugDLL|Any CPU = DebugDLL|Any CPU
		DebugDLL|x64 = DebugDLL|x64
		DebugDLL|x86 = DebugDLL|x86
		Release|Any CPU = Release|Any CPU
		Release|x64 = Release|x64
		Release|x86 = Release|x86
		ReleaseDLL|Any CPU = ReleaseDLL|Any CPU
		ReleaseDLL|x64 = ReleaseDLL|x64
		ReleaseDLL|x86 = ReleaseDLL|x86
	EndGlobalSection
	GlobalSection(ProjectConfigurationPlatforms) = postSolution
		{5C24A07E-9B8D-4625-BF91-0E9CCBEF5CB0}.Debug|Any CPU.ActiveCfg = Debug|Any CPU
		{5C24A07E-9B8D-4625-BF91-0E9CCBEF5CB0}.Debug|Any CPU.Build.0 = Debug|Any CPU
		{5C24A07E-9B8D-4625-BF91-0E9CCBEF5CB0}.Debug|x64.ActiveCfg = Debug|Any CPU
		{5C24A07E-9B8D-4625-BF91-0E9CCBEF5CB0}.Debug|x64.Build.0 = Debug|Any CPU
		{5C24A07E-9B8D-4625-BF91-0E9CCBEF5CB0}.Debug|x86.ActiveCfg = Debug|Any CPU
		{5C24A07E-9B8D-4625-BF91-0E9CCBEF5CB0}.Debug|x86.Build.0 = Debug|Any CPU
		{5C24A07E-9B8D-4625-BF91-0E9CCBEF5CB0}.DebugDLL|Any CPU.ActiveCfg = Debug|Any CPU
		{5C24A07E-9B8D-4625-BF91-0E9CCBEF5CB0}.DebugDLL|Any CPU.Build.0 = Debug|Any CPU
		{5C24A07E-9B8D-4625-BF91-0E9CCBEF5CB0}.DebugDLL|x64.ActiveCfg = Debug|Any CPU
		{5C24A07E-9B8D-4625-BF91-0E9CCBEF5CB0}.DebugDLL|x64.Build.0 = Debug|Any CPU
		{5C24A07E-9B8D-4625-BF91-0E9CCBEF5CB0}.DebugDLL|x86.ActiveCfg = Debug|Any CPU
		{5C24A07E-9B8D-4625-BF91-0E9CCBEF5CB0}.DebugDLL|x86.Build.0 = Debug|Any CPU
		{5C24A07E-9B8D-4625-BF91-0E9CCBEF5CB0}.Release|Any CPU.ActiveCfg = Release|Any CPU
		{5C24A07E-9B8D-4625-BF91-0E9CCBEF5CB0}.Release|Any CPU.Build.0 = Release|Any CPU
		{5C24A07E-9B8D-4625-BF91-0E9CCBEF5CB0}.Release|x64.ActiveCfg = Release|Any CPU
		{5C24A07E-9B8D-4625-BF91-0E9CCBEF5CB0}.Release|x64.Build.0 = Release|Any CPU
		{5C24A07E-9B8D-4625-BF91-0E9CCBEF5CB0}.Release|x86.ActiveCfg = Release|Any CPU
		{5C24A07E-9B8D-4625-BF91-0E9CCBEF5CB0}.Release|x86.Build.0 = Release|Any CPU
		{5C24A07E-9B8D-4625-BF91-0E9CCBEF5CB0}.ReleaseDLL|Any CPU.ActiveCfg = Release|Any CPU
		{5C24A07E-9B8D-4625-BF91-0E9CCBEF5CB0}.ReleaseDLL|Any CPU.Build.0 = Release|Any CPU
		{5C24A07E-9B8D-4625-BF91-0E9CCBEF5CB0}.ReleaseDLL|x64.ActiveCfg = Release|Any CPU
		{5C24A07E-9B8D-4625-BF91-0E9CCBEF5CB0}.ReleaseDLL|x64.Build.0 = Release|Any CPU
		{5C24A07E-9B8D-4625-BF91-0E9CCBEF5CB0}.ReleaseDLL|x86.ActiveCfg = Release|Any CPU
		{5C24A07E-9B8D-4625-BF91-0E9CCBEF5CB0}.ReleaseDLL|x86.Build.0 = Release|Any CPU
		{EC613C24-8A35-42E8-92C1-9A8431F74F58}.Debug|Any CPU.ActiveCfg = Debug|Any CPU
		{EC613C24-8A35-42E8-92C1-9A8431F74F58}.Debug|Any CPU.Build.0 = Debug|Any CPU
		{EC613C24-8A35-42E8-92C1-9A8431F74F58}.Debug|x64.ActiveCfg = Debug|Any CPU
		{EC613C24-8A35-42E8-92C1-9A8431F74F58}.Debug|x64.Build.0 = Debug|Any CPU
		{EC613C24-8A35-42E8-92C1-9A8431F74F58}.Debug|x86.ActiveCfg = Debug|Any CPU
		{EC613C24-8A35-42E8-92C1-9A8431F74F58}.Debug|x86.Build.0 = Debug|Any CPU
		{EC613C24-8A35-42E8-92C1-9A8431F74F58}.DebugDLL|Any CPU.ActiveCfg = Debug|Any CPU
		{EC613C24-8A35-42E8-92C1-9A8431F74F58}.DebugDLL|Any CPU.Build.0 = Debug|Any CPU
		{EC613C24-8A35-42E8-92C1-9A8431F74F58}.DebugDLL|x64.ActiveCfg = Debug|Any CPU
		{EC613C24-8A35-42E8-92C1-9A8431F74F58}.DebugDLL|x64.Build.0 = Debug|Any CPU
		{EC613C24-8A35-42E8-92C1-9A8431F74F58}.DebugDLL|x86.ActiveCfg = Debug|Any CPU
		{EC613C24-8A35-42E8-92C1-9A8431F74F58}.DebugDLL|x86.Build.0 = Debug|Any CPU
		{EC613C24-8A35-42E8-92C1-9A8431F74F58}.Release|Any CPU.ActiveCfg = Release|Any CPU
		{EC613C24-8A35-42E8-92C1-9A8431F74F58}.Release|Any CPU.Build.0 = Release|Any CPU
		{EC613C24-8A35-42E8-92C1-9A8431F74F58}.Release|x64.ActiveCfg = Release|Any CPU
		{EC613C24-8A35-42E8-92C1-9A8431F74F58}.Release|x64.Build.0 = Release|Any CPU
		{EC613C24-8A35-42E8-92C1-9A8431F74F58}.Release|x86.ActiveCfg = Release|Any CPU
		{EC613C24-8A35-42E8-92C1-9A8431F74F58}.Release|x86.Build.0 = Release|Any CPU
		{EC613C24-8A35-42E8-92C1-9A8431F74F58}.ReleaseDLL|Any CPU.ActiveCfg = Release|Any CPU
		{EC613C24-8A35-42E8-92C1-9A8431F74F58}.ReleaseDLL|Any CPU.Build.0 = Release|Any CPU
		{EC613C24-8A35-42E8-92C1-9A8431F74F58}.ReleaseDLL|x64.ActiveCfg = Release|Any CPU
		{EC613C24-8A35-42E8-92C1-9A8431F74F58}.ReleaseDLL|x64.Build.0 = Release|Any CPU
		{EC613C24-8A35-42E8-92C1-9A8431F74F58}.ReleaseDLL|x86.ActiveCfg = Release|Any CPU
		{EC613C24-8A35-42E8-92C1-9A8431F74F58}.ReleaseDLL|x86.Build.0 = Release|Any CPU
		{01D0A73A-A881-439D-9318-54DB5B00D6F5}.Debug|Any CPU.ActiveCfg = Debug|Any CPU
		{01D0A73A-A881-439D-9318-54DB5B00D6F5}.Debug|Any CPU.Build.0 = Debug|Any CPU
		{01D0A73A-A881-439D-9318-54DB5B00D6F5}.Debug|x64.ActiveCfg = Debug|Any CPU
		{01D0A73A-A881-439D-9318-54DB5B00D6F5}.Debug|x64.Build.0 = Debug|Any CPU
		{01D0A73A-A881-439D-9318-54DB5B00D6F5}.Debug|x86.ActiveCfg = Debug|Any CPU
		{01D0A73A-A881-439D-9318-54DB5B00D6F5}.Debug|x86.Build.0 = Debug|Any CPU
		{01D0A73A-A881-439D-9318-54DB5B00D6F5}.DebugDLL|Any CPU.ActiveCfg = Debug|Any CPU
		{01D0A73A-A881-439D-9318-54DB5B00D6F5}.DebugDLL|Any CPU.Build.0 = Debug|Any CPU
		{01D0A73A-A881-439D-9318-54DB5B00D6F5}.DebugDLL|x64.ActiveCfg = Debug|Any CPU
		{01D0A73A-A881-439D-9318-54DB5B00D6F5}.DebugDLL|x64.Build.0 = Debug|Any CPU
		{01D0A73A-A881-439D-9318-54DB5B00D6F5}.DebugDLL|x86.ActiveCfg = Debug|Any CPU
		{01D0A73A-A881-439D-9318-54DB5B00D6F5}.DebugDLL|x86.Build.0 = Debug|Any CPU
		{01D0A73A-A881-439D-9318-54DB5B00D6F5}.Release|Any CPU.ActiveCfg = Release|Any CPU
		{01D0A73A-A881-439D-9318-54DB5B00D6F5}.Release|Any CPU.Build.0 = Release|Any CPU
		{01D0A73A-A881-439D-9318-54DB5B00D6F5}.Release|x64.ActiveCfg = Release|Any CPU
		{01D0A73A-A881-439D-9318-54DB5B00D6F5}.Release|x64.Build.0 = Release|Any CPU
		{01D0A73A-A881-439D-9318-54DB5B00D6F5}.Release|x86.ActiveCfg = Release|Any CPU
		{01D0A73A-A881-439D-9318-54DB5B00D6F5}.Release|x86.Build.0 = Release|Any CPU
		{01D0A73A-A881-439D-9318-54DB5B00D6F5}.ReleaseDLL|Any CPU.ActiveCfg = Release|Any CPU
		{01D0A73A-A881-439D-9318-54DB5B00D6F5}.ReleaseDLL|Any CPU.Build.0 = Release|Any CPU
		{01D0A73A-A881-439D-9318-54DB5B00D6F5}.ReleaseDLL|x64.ActiveCfg = Release|Any CPU
		{01D0A73A-A881-439D-9318-54DB5B00D6F5}.ReleaseDLL|x64.Build.0 = Release|Any CPU
		{01D0A73A-A881-439D-9318-54DB5B00D6F5}.ReleaseDLL|x86.ActiveCfg = Release|Any CPU
		{01D0A73A-A881-439D-9318-54DB5B00D6F5}.ReleaseDLL|x86.Build.0 = Release|Any CPU
	EndGlobalSection
	GlobalSection(SolutionProperties) = preSolution
		HideSolutionNode = FALSE
	EndGlobalSection
	GlobalSection(NestedProjects) = preSolution
		{EC613C24-8A35-42E8-92C1-9A8431F74F58} = {4BB2E77F-84A6-4644-9FB3-38E2A7DCDEC0}
		{01D0A73A-A881-439D-9318-54DB5B00D6F5} = {4BB2E77F-84A6-4644-9FB3-38E2A7DCDEC0}
	EndGlobalSection
	GlobalSection(ExtensibilityGlobals) = postSolution
		SolutionGuid = {F779F2DC-B207-4091-83B8-0EA250461DCE}
	EndGlobalSection
EndGlobal
