
Microsoft Visual Studio Solution File, Format Version 12.00
# Visual Studio Version 17
VisualStudioVersion = 17.10.34928.147
MinimumVisualStudioVersion = 10.0.40219.1
Project("{9A19103F-16F7-4668-BE54-9A1E7A4F7556}") = "nksrv", "nksrv\nksrv.csproj", "{5C24A07E-9B8D-4625-BF91-0E9CCBEF5CB0}"
EndProject
Project("{9A19103F-16F7-4668-BE54-9A1E7A4F7556}") = "DataFixupUtil", "DataFixupUtil\DataFixupUtil.csproj", "{13124DFB-448B-4F4F-A479-537EE067D836}"
EndProject
Project("{FAE04EC0-301F-11D3-BF4B-00C04F79EFBC}") = "ProtobufViewUtil", "ProtobufViewUtil\ProtobufViewUtil.csproj", "{FDEDD0D6-9C02-4E58-8110-04E8D5639881}"
EndProject
Global
	GlobalSection(SolutionConfigurationPlatforms) = preSolution
		Debug|Any CPU = Debug|Any CPU
		Debug|x64 = Debug|x64
		Debug|x86 = Debug|x86
		Release|Any CPU = Release|Any CPU
		Release|x64 = Release|x64
		Release|x86 = Release|x86
	EndGlobalSection
	GlobalSection(ProjectConfigurationPlatforms) = postSolution
		{5C24A07E-9B8D-4625-BF91-0E9CCBEF5CB0}.Debug|Any CPU.ActiveCfg = Debug|Any CPU
		{5C24A07E-9B8D-4625-BF91-0E9CCBEF5CB0}.Debug|Any CPU.Build.0 = Debug|Any CPU
		{5C24A07E-9B8D-4625-BF91-0E9CCBEF5CB0}.Debug|x64.ActiveCfg = Debug|Any CPU
		{5C24A07E-9B8D-4625-BF91-0E9CCBEF5CB0}.Debug|x64.Build.0 = Debug|Any CPU
		{5C24A07E-9B8D-4625-BF91-0E9CCBEF5CB0}.Debug|x86.ActiveCfg = Debug|Any CPU
		{5C24A07E-9B8D-4625-BF91-0E9CCBEF5CB0}.Debug|x86.Build.0 = Debug|Any CPU
		{5C24A07E-9B8D-4625-BF91-0E9CCBEF5CB0}.Release|Any CPU.ActiveCfg = Release|Any CPU
		{5C24A07E-9B8D-4625-BF91-0E9CCBEF5CB0}.Release|Any CPU.Build.0 = Release|Any CPU
		{5C24A07E-9B8D-4625-BF91-0E9CCBEF5CB0}.Release|x64.ActiveCfg = Release|Any CPU
		{5C24A07E-9B8D-4625-BF91-0E9CCBEF5CB0}.Release|x64.Build.0 = Release|Any CPU
		{5C24A07E-9B8D-4625-BF91-0E9CCBEF5CB0}.Release|x86.ActiveCfg = Release|Any CPU
		{5C24A07E-9B8D-4625-BF91-0E9CCBEF5CB0}.Release|x86.Build.0 = Release|Any CPU
		{13124DFB-448B-4F4F-A479-537EE067D836}.Debug|Any CPU.ActiveCfg = Debug|Any CPU
		{13124DFB-448B-4F4F-A479-537EE067D836}.Debug|Any CPU.Build.0 = Debug|Any CPU
		{13124DFB-448B-4F4F-A479-537EE067D836}.Debug|x64.ActiveCfg = Debug|Any CPU
		{13124DFB-448B-4F4F-A479-537EE067D836}.Debug|x64.Build.0 = Debug|Any CPU
		{13124DFB-448B-4F4F-A479-537EE067D836}.Debug|x86.ActiveCfg = Debug|Any CPU
		{13124DFB-448B-4F4F-A479-537EE067D836}.Debug|x86.Build.0 = Debug|Any CPU
		{13124DFB-448B-4F4F-A479-537EE067D836}.Release|Any CPU.ActiveCfg = Release|Any CPU
		{13124DFB-448B-4F4F-A479-537EE067D836}.Release|Any CPU.Build.0 = Release|Any CPU
		{13124DFB-448B-4F4F-A479-537EE067D836}.Release|x64.ActiveCfg = Release|Any CPU
		{13124DFB-448B-4F4F-A479-537EE067D836}.Release|x64.Build.0 = Release|Any CPU
		{13124DFB-448B-4F4F-A479-537EE067D836}.Release|x86.ActiveCfg = Release|Any CPU
		{13124DFB-448B-4F4F-A479-537EE067D836}.Release|x86.Build.0 = Release|Any CPU
		{FDEDD0D6-9C02-4E58-8110-04E8D5639881}.Debug|Any CPU.ActiveCfg = Debug|Any CPU
		{FDEDD0D6-9C02-4E58-8110-04E8D5639881}.Debug|Any CPU.Build.0 = Debug|Any CPU
		{FDEDD0D6-9C02-4E58-8110-04E8D5639881}.Debug|x64.ActiveCfg = Debug|Any CPU
		{FDEDD0D6-9C02-4E58-8110-04E8D5639881}.Debug|x64.Build.0 = Debug|Any CPU
		{FDEDD0D6-9C02-4E58-8110-04E8D5639881}.Debug|x86.ActiveCfg = Debug|Any CPU
		{FDEDD0D6-9C02-4E58-8110-04E8D5639881}.Debug|x86.Build.0 = Debug|Any CPU
		{FDEDD0D6-9C02-4E58-8110-04E8D5639881}.Release|Any CPU.ActiveCfg = Release|Any CPU
		{FDEDD0D6-9C02-4E58-8110-04E8D5639881}.Release|Any CPU.Build.0 = Release|Any CPU
		{FDEDD0D6-9C02-4E58-8110-04E8D5639881}.Release|x64.ActiveCfg = Release|Any CPU
		{FDEDD0D6-9C02-4E58-8110-04E8D5639881}.Release|x64.Build.0 = Release|Any CPU
		{FDEDD0D6-9C02-4E58-8110-04E8D5639881}.Release|x86.ActiveCfg = Release|Any CPU
		{FDEDD0D6-9C02-4E58-8110-04E8D5639881}.Release|x86.Build.0 = Release|Any CPU
	EndGlobalSection
	GlobalSection(SolutionProperties) = preSolution
		HideSolutionNode = FALSE
	EndGlobalSection
	GlobalSection(ExtensibilityGlobals) = postSolution
		SolutionGuid = {F779F2DC-B207-4091-83B8-0EA250461DCE}
	EndGlobalSection
EndGlobal
